
Microsoft Visual Studio Solution File, Format Version 12.00
# Visual Studio Version 17
VisualStudioVersion = 17.5.33530.505
MinimumVisualStudioVersion = 10.0.40219.1
Project("{FAE04EC0-301F-11D3-BF4B-00C04F79EFBC}") = "ShapesLib", "ShapesLib\ShapesLib.csproj", "{3C2449A9-2596-446C-B108-6BDF7E51E5E4}"
EndProject
Project("{FAE04EC0-301F-11D3-BF4B-00C04F79EFBC}") = "ShapesLib.Test", "ShapesLib.Test\ShapesLib.Test.csproj", "{3E620EC1-4CB8-4079-AA10-7EDE82CE1714}"
EndProject
Global
	GlobalSection(SolutionConfigurationPlatforms) = preSolution
		Debug|Any CPU = Debug|Any CPU
		Release|Any CPU = Release|Any CPU
	EndGlobalSection
	GlobalSection(ProjectConfigurationPlatforms) = postSolution
		{3C2449A9-2596-446C-B108-6BDF7E51E5E4}.Debug|Any CPU.ActiveCfg = Debug|Any CPU
		{3C2449A9-2596-446C-B108-6BDF7E51E5E4}.Debug|Any CPU.Build.0 = Debug|Any CPU
		{3C2449A9-2596-446C-B108-6BDF7E51E5E4}.Release|Any CPU.ActiveCfg = Release|Any CPU
		{3C2449A9-2596-446C-B108-6BDF7E51E5E4}.Release|Any CPU.Build.0 = Release|Any CPU
		{3E620EC1-4CB8-4079-AA10-7EDE82CE1714}.Debug|Any CPU.ActiveCfg = Debug|Any CPU
		{3E620EC1-4CB8-4079-AA10-7EDE82CE1714}.Debug|Any CPU.Build.0 = Debug|Any CPU
		{3E620EC1-4CB8-4079-AA10-7EDE82CE1714}.Release|Any CPU.ActiveCfg = Release|Any CPU
		{3E620EC1-4CB8-4079-AA10-7EDE82CE1714}.Release|Any CPU.Build.0 = Release|Any CPU
	EndGlobalSection
	GlobalSection(SolutionProperties) = preSolution
		HideSolutionNode = FALSE
	EndGlobalSection
	GlobalSection(ExtensibilityGlobals) = postSolution
		SolutionGuid = {CF5F6094-A98B-4E0A-B262-313D01915585}
	EndGlobalSection
EndGlobal
